
Microsoft Visual Studio Solution File, Format Version 12.00
# Visual Studio Version 16
VisualStudioVersion = 25.0.1706.10
MinimumVisualStudioVersion = 10.0.40219.1
Project("{FAE04EC0-301F-11D3-BF4B-00C04F79EFBC}") = "Week15OOPAndFiles", "Week15OOPAndFiles\Week15OOPAndFiles.csproj", "{A04357D5-CB92-4223-944C-8FF8CFDC7D31}"
EndProject
Global
	GlobalSection(SolutionConfigurationPlatforms) = preSolution
		Debug|Any CPU = Debug|Any CPU
		Release|Any CPU = Release|Any CPU
	EndGlobalSection
	GlobalSection(ProjectConfigurationPlatforms) = postSolution
		{A04357D5-CB92-4223-944C-8FF8CFDC7D31}.Debug|Any CPU.ActiveCfg = Debug|Any CPU
		{A04357D5-CB92-4223-944C-8FF8CFDC7D31}.Debug|Any CPU.Build.0 = Debug|Any CPU
		{A04357D5-CB92-4223-944C-8FF8CFDC7D31}.Release|Any CPU.ActiveCfg = Release|Any CPU
		{A04357D5-CB92-4223-944C-8FF8CFDC7D31}.Release|Any CPU.Build.0 = Release|Any CPU
	EndGlobalSection
	GlobalSection(SolutionProperties) = preSolution
		HideSolutionNode = FALSE
	EndGlobalSection
	GlobalSection(ExtensibilityGlobals) = postSolution
		SolutionGuid = {FF4A7052-2064-47AC-AA4E-FD4A838C58EB}
	EndGlobalSection
EndGlobal
